
Microsoft Visual Studio Solution File, Format Version 12.00
# Visual Studio Version 16
VisualStudioVersion = 16.0.31005.135
MinimumVisualStudioVersion = 10.0.40219.1
Project("{FAE04EC0-301F-11D3-BF4B-00C04F79EFBC}") = "lab1VP", "lab1VP.csproj", "{95CBD962-F6BF-44B1-8068-AF5A139E5FBA}"
EndProject
Global
	GlobalSection(SolutionConfigurationPlatforms) = preSolution
		Debug|Any CPU = Debug|Any CPU
		Release|Any CPU = Release|Any CPU
	EndGlobalSection
	GlobalSection(ProjectConfigurationPlatforms) = postSolution
		{95CBD962-F6BF-44B1-8068-AF5A139E5FBA}.Debug|Any CPU.ActiveCfg = Debug|Any CPU
		{95CBD962-F6BF-44B1-8068-AF5A139E5FBA}.Debug|Any CPU.Build.0 = Debug|Any CPU
		{95CBD962-F6BF-44B1-8068-AF5A139E5FBA}.Release|Any CPU.ActiveCfg = Release|Any CPU
		{95CBD962-F6BF-44B1-8068-AF5A139E5FBA}.Release|Any CPU.Build.0 = Release|Any CPU
	EndGlobalSection
	GlobalSection(SolutionProperties) = preSolution
		HideSolutionNode = FALSE
	EndGlobalSection
	GlobalSection(ExtensibilityGlobals) = postSolution
		SolutionGuid = {A91BD197-5ED0-40FD-A78E-D9040BD005CE}
	EndGlobalSection
EndGlobal
